
Microsoft Visual Studio Solution File, Format Version 11.00
# Visual Studio 2010
Project("{FAE04EC0-301F-11D3-BF4B-00C04F79EFBC}") = "QuickConfig", "QuickConfig\QuickConfig.csproj", "{B8CE56EE-89CE-4AA8-81CF-66E6E1D10F94}"
EndProject
Project("{FAE04EC0-301F-11D3-BF4B-00C04F79EFBC}") = "QuickConfig.Common", "QuickConfig.Common\QuickConfig.Common.csproj", "{722E8591-0415-46A7-9C3D-32BED877CE6E}"
EndProject
Project("{FAE04EC0-301F-11D3-BF4B-00C04F79EFBC}") = "AutoBackup", "AutoBackup\AutoBackup.csproj", "{F3AD3A0D-673D-48E2-94E3-852A9BE43240}"
EndProject
Project("{FAE04EC0-301F-11D3-BF4B-00C04F79EFBC}") = "QuickConfig.Controls", "QuickConfig.Controls\QuickConfig.Controls.csproj", "{031CE27D-C0CB-42D1-8161-5261655CA197}"
EndProject
Project("{FAE04EC0-301F-11D3-BF4B-00C04F79EFBC}") = "QuickConfig.Model", "QuickConfig.Model\QuickConfig.Model.csproj", "{08F3E4EA-FD0E-452E-A81A-FE86574A3743}"
EndProject
Project("{FAE04EC0-301F-11D3-BF4B-00C04F79EFBC}") = "QuickConfig.Utility", "QuickConfig.Utility\QuickConfig.Utility.csproj", "{8C5A6276-0428-4325-B09E-22D6B0478793}"
EndProject
Project("{FAE04EC0-301F-11D3-BF4B-00C04F79EFBC}") = "QuickConfig.OneKeyInstall", "QuickConfig.OneKeyInstall\QuickConfig.OneKeyInstall.csproj", "{69596EED-6FC4-4BA7-AEEE-EB67BA36D704}"
EndProject
Global
	GlobalSection(SolutionConfigurationPlatforms) = preSolution
		Debug|Any CPU = Debug|Any CPU
		Debug|Mixed Platforms = Debug|Mixed Platforms
		Debug|x86 = Debug|x86
		Release|Any CPU = Release|Any CPU
		Release|Mixed Platforms = Release|Mixed Platforms
		Release|x86 = Release|x86
	EndGlobalSection
	GlobalSection(ProjectConfigurationPlatforms) = postSolution
		{B8CE56EE-89CE-4AA8-81CF-66E6E1D10F94}.Debug|Any CPU.ActiveCfg = Debug|x86
		{B8CE56EE-89CE-4AA8-81CF-66E6E1D10F94}.Debug|Mixed Platforms.ActiveCfg = Debug|x86
		{B8CE56EE-89CE-4AA8-81CF-66E6E1D10F94}.Debug|Mixed Platforms.Build.0 = Debug|x86
		{B8CE56EE-89CE-4AA8-81CF-66E6E1D10F94}.Debug|x86.ActiveCfg = Debug|x86
		{B8CE56EE-89CE-4AA8-81CF-66E6E1D10F94}.Debug|x86.Build.0 = Debug|x86
		{B8CE56EE-89CE-4AA8-81CF-66E6E1D10F94}.Release|Any CPU.ActiveCfg = Release|x86
		{B8CE56EE-89CE-4AA8-81CF-66E6E1D10F94}.Release|Mixed Platforms.ActiveCfg = Release|x86
		{B8CE56EE-89CE-4AA8-81CF-66E6E1D10F94}.Release|Mixed Platforms.Build.0 = Release|x86
		{B8CE56EE-89CE-4AA8-81CF-66E6E1D10F94}.Release|x86.ActiveCfg = Release|x86
		{B8CE56EE-89CE-4AA8-81CF-66E6E1D10F94}.Release|x86.Build.0 = Release|x86
		{722E8591-0415-46A7-9C3D-32BED877CE6E}.Debug|Any CPU.ActiveCfg = Debug|Any CPU
		{722E8591-0415-46A7-9C3D-32BED877CE6E}.Debug|Any CPU.Build.0 = Debug|Any CPU
		{722E8591-0415-46A7-9C3D-32BED877CE6E}.Debug|Mixed Platforms.ActiveCfg = Debug|Any CPU
		{722E8591-0415-46A7-9C3D-32BED877CE6E}.Debug|Mixed Platforms.Build.0 = Debug|Any CPU
		{722E8591-0415-46A7-9C3D-32BED877CE6E}.Debug|x86.ActiveCfg = Debug|Any CPU
		{722E8591-0415-46A7-9C3D-32BED877CE6E}.Release|Any CPU.ActiveCfg = Release|Any CPU
		{722E8591-0415-46A7-9C3D-32BED877CE6E}.Release|Any CPU.Build.0 = Release|Any CPU
		{722E8591-0415-46A7-9C3D-32BED877CE6E}.Release|Mixed Platforms.ActiveCfg = Release|Any CPU
		{722E8591-0415-46A7-9C3D-32BED877CE6E}.Release|Mixed Platforms.Build.0 = Release|Any CPU
		{722E8591-0415-46A7-9C3D-32BED877CE6E}.Release|x86.ActiveCfg = Release|Any CPU
		{F3AD3A0D-673D-48E2-94E3-852A9BE43240}.Debug|Any CPU.ActiveCfg = Debug|x86
		{F3AD3A0D-673D-48E2-94E3-852A9BE43240}.Debug|Mixed Platforms.ActiveCfg = Debug|x86
		{F3AD3A0D-673D-48E2-94E3-852A9BE43240}.Debug|Mixed Platforms.Build.0 = Debug|x86
		{F3AD3A0D-673D-48E2-94E3-852A9BE43240}.Debug|x86.ActiveCfg = Debug|x86
		{F3AD3A0D-673D-48E2-94E3-852A9BE43240}.Debug|x86.Build.0 = Debug|x86
		{F3AD3A0D-673D-48E2-94E3-852A9BE43240}.Release|Any CPU.ActiveCfg = Release|x86
		{F3AD3A0D-673D-48E2-94E3-852A9BE43240}.Release|Mixed Platforms.ActiveCfg = Release|x86
		{F3AD3A0D-673D-48E2-94E3-852A9BE43240}.Release|Mixed Platforms.Build.0 = Release|x86
		{F3AD3A0D-673D-48E2-94E3-852A9BE43240}.Release|x86.ActiveCfg = Release|x86
		{F3AD3A0D-673D-48E2-94E3-852A9BE43240}.Release|x86.Build.0 = Release|x86
		{031CE27D-C0CB-42D1-8161-5261655CA197}.Debug|Any CPU.ActiveCfg = Debug|Any CPU
		{031CE27D-C0CB-42D1-8161-5261655CA197}.Debug|Any CPU.Build.0 = Debug|Any CPU
		{031CE27D-C0CB-42D1-8161-5261655CA197}.Debug|Mixed Platforms.ActiveCfg = Debug|Any CPU
		{031CE27D-C0CB-42D1-8161-5261655CA197}.Debug|Mixed Platforms.Build.0 = Debug|Any CPU
		{031CE27D-C0CB-42D1-8161-5261655CA197}.Debug|x86.ActiveCfg = Debug|Any CPU
		{031CE27D-C0CB-42D1-8161-5261655CA197}.Release|Any CPU.ActiveCfg = Release|Any CPU
		{031CE27D-C0CB-42D1-8161-5261655CA197}.Release|Any CPU.Build.0 = Release|Any CPU
		{031CE27D-C0CB-42D1-8161-5261655CA197}.Release|Mixed Platforms.ActiveCfg = Release|Any CPU
		{031CE27D-C0CB-42D1-8161-5261655CA197}.Release|Mixed Platforms.Build.0 = Release|Any CPU
		{031CE27D-C0CB-42D1-8161-5261655CA197}.Release|x86.ActiveCfg = Release|Any CPU
		{08F3E4EA-FD0E-452E-A81A-FE86574A3743}.Debug|Any CPU.ActiveCfg = Debug|Any CPU
		{08F3E4EA-FD0E-452E-A81A-FE86574A3743}.Debug|Any CPU.Build.0 = Debug|Any CPU
		{08F3E4EA-FD0E-452E-A81A-FE86574A3743}.Debug|Mixed Platforms.ActiveCfg = Debug|Any CPU
		{08F3E4EA-FD0E-452E-A81A-FE86574A3743}.Debug|Mixed Platforms.Build.0 = Debug|Any CPU
		{08F3E4EA-FD0E-452E-A81A-FE86574A3743}.Debug|x86.ActiveCfg = Debug|Any CPU
		{08F3E4EA-FD0E-452E-A81A-FE86574A3743}.Release|Any CPU.ActiveCfg = Release|Any CPU
		{08F3E4EA-FD0E-452E-A81A-FE86574A3743}.Release|Any CPU.Build.0 = Release|Any CPU
		{08F3E4EA-FD0E-452E-A81A-FE86574A3743}.Release|Mixed Platforms.ActiveCfg = Release|Any CPU
		{08F3E4EA-FD0E-452E-A81A-FE86574A3743}.Release|Mixed Platforms.Build.0 = Release|Any CPU
		{08F3E4EA-FD0E-452E-A81A-FE86574A3743}.Release|x86.ActiveCfg = Release|Any CPU
		{8C5A6276-0428-4325-B09E-22D6B0478793}.Debug|Any CPU.ActiveCfg = Debug|Any CPU
		{8C5A6276-0428-4325-B09E-22D6B0478793}.Debug|Any CPU.Build.0 = Debug|Any CPU
		{8C5A6276-0428-4325-B09E-22D6B0478793}.Debug|Mixed Platforms.ActiveCfg = Debug|Any CPU
		{8C5A6276-0428-4325-B09E-22D6B0478793}.Debug|Mixed Platforms.Build.0 = Debug|Any CPU
		{8C5A6276-0428-4325-B09E-22D6B0478793}.Debug|x86.ActiveCfg = Debug|Any CPU
		{8C5A6276-0428-4325-B09E-22D6B0478793}.Release|Any CPU.ActiveCfg = Release|Any CPU
		{8C5A6276-0428-4325-B09E-22D6B0478793}.Release|Any CPU.Build.0 = Release|Any CPU
		{8C5A6276-0428-4325-B09E-22D6B0478793}.Release|Mixed Platforms.ActiveCfg = Release|Any CPU
		{8C5A6276-0428-4325-B09E-22D6B0478793}.Release|Mixed Platforms.Build.0 = Release|Any CPU
		{8C5A6276-0428-4325-B09E-22D6B0478793}.Release|x86.ActiveCfg = Release|Any CPU
		{69596EED-6FC4-4BA7-AEEE-EB67BA36D704}.Debug|Any CPU.ActiveCfg = Debug|x86
		{69596EED-6FC4-4BA7-AEEE-EB67BA36D704}.Debug|Mixed Platforms.ActiveCfg = Debug|x86
		{69596EED-6FC4-4BA7-AEEE-EB67BA36D704}.Debug|Mixed Platforms.Build.0 = Debug|x86
		{69596EED-6FC4-4BA7-AEEE-EB67BA36D704}.Debug|x86.ActiveCfg = Debug|x86
		{69596EED-6FC4-4BA7-AEEE-EB67BA36D704}.Debug|x86.Build.0 = Debug|x86
		{69596EED-6FC4-4BA7-AEEE-EB67BA36D704}.Release|Any CPU.ActiveCfg = Release|x86
		{69596EED-6FC4-4BA7-AEEE-EB67BA36D704}.Release|Mixed Platforms.ActiveCfg = Release|x86
		{69596EED-6FC4-4BA7-AEEE-EB67BA36D704}.Release|Mixed Platforms.Build.0 = Release|x86
		{69596EED-6FC4-4BA7-AEEE-EB67BA36D704}.Release|x86.ActiveCfg = Release|x86
		{69596EED-6FC4-4BA7-AEEE-EB67BA36D704}.Release|x86.Build.0 = Release|x86
	EndGlobalSection
	GlobalSection(SolutionProperties) = preSolution
		HideSolutionNode = FALSE
	EndGlobalSection
	GlobalSection(ExtensibilityGlobals) = postSolution
		VisualSVNWorkingCopyRoot = .
	EndGlobalSection
EndGlobal
